// !$*UTF8*$!
{
	archiveVersion = 1;
	classes = {
	};
	objectVersion = 55;
	objects = {

/* Begin PBXBuildFile section */
		26989F9E27BADDF100BF56BB /* HomeTableViewHeader.xib in Resources */ = {isa = PBXBuildFile; fileRef = 26989F9D27BADDF100BF56BB /* HomeTableViewHeader.xib */; };
		26989FA227BAEAE000BF56BB /* HomeTableViewHeader.swift in Sources */ = {isa = PBXBuildFile; fileRef = 26989FA127BAEAE000BF56BB /* HomeTableViewHeader.swift */; };
		26AFA1F527BAB3FA00CFEEEE /* AppDelegate.swift in Sources */ = {isa = PBXBuildFile; fileRef = 26AFA1F427BAB3FA00CFEEEE /* AppDelegate.swift */; };
		26AFA1F727BAB3FA00CFEEEE /* SceneDelegate.swift in Sources */ = {isa = PBXBuildFile; fileRef = 26AFA1F627BAB3FA00CFEEEE /* SceneDelegate.swift */; };
		26AFA1F927BAB3FA00CFEEEE /* ViewController.swift in Sources */ = {isa = PBXBuildFile; fileRef = 26AFA1F827BAB3FA00CFEEEE /* ViewController.swift */; };
		26AFA1FC27BAB3FA00CFEEEE /* Main.storyboard in Resources */ = {isa = PBXBuildFile; fileRef = 26AFA1FA27BAB3FA00CFEEEE /* Main.storyboard */; };
		26AFA1FE27BAB3FB00CFEEEE /* Assets.xcassets in Resources */ = {isa = PBXBuildFile; fileRef = 26AFA1FD27BAB3FB00CFEEEE /* Assets.xcassets */; };
		26AFA20127BAB3FB00CFEEEE /* LaunchScreen.storyboard in Resources */ = {isa = PBXBuildFile; fileRef = 26AFA1FF27BAB3FB00CFEEEE /* LaunchScreen.storyboard */; };
		26B9573127BC35EC00D859F4 /* ViagemTableViewCell.swift in Sources */ = {isa = PBXBuildFile; fileRef = 26B9572F27BC35EC00D859F4 /* ViagemTableViewCell.swift */; };
		26B9573227BC35EC00D859F4 /* ViagemTableViewCell.xib in Resources */ = {isa = PBXBuildFile; fileRef = 26B9573027BC35EC00D859F4 /* ViagemTableViewCell.xib */; };
		26CEEF6C27BD6CA5000849D9 /* server-response.json in Resources */ = {isa = PBXBuildFile; fileRef = 26CEEF6B27BD6CA5000849D9 /* server-response.json */; };
		26CEEF7027BD82C6000849D9 /* DecodableData.swift in Sources */ = {isa = PBXBuildFile; fileRef = 26CEEF6F27BD82C6000849D9 /* DecodableData.swift */; };
		26CEEF7427BD8304000849D9 /* TiposDeViagens.swift in Sources */ = {isa = PBXBuildFile; fileRef = 26CEEF7327BD8304000849D9 /* TiposDeViagens.swift */; };
		26CEEF7827BD8346000849D9 /* Viagem.swift in Sources */ = {isa = PBXBuildFile; fileRef = 26CEEF7727BD8346000849D9 /* Viagem.swift */; };
		26CEEF7E27BD83D5000849D9 /* UIView+Extension.swift in Sources */ = {isa = PBXBuildFile; fileRef = 26CEEF7D27BD83D5000849D9 /* UIView+Extension.swift */; };
		26CEEF8227BD8D7E000849D9 /* ViagemViewModel.swift in Sources */ = {isa = PBXBuildFile; fileRef = 26CEEF8127BD8D7E000849D9 /* ViagemViewModel.swift */; };
		26CEEF8827BD9375000849D9 /* ViagemDestaqueViewModel.swift in Sources */ = {isa = PBXBuildFile; fileRef = 26CEEF8727BD9375000849D9 /* ViagemDestaqueViewModel.swift */; };
/* End PBXBuildFile section */

/* Begin PBXFileReference section */
		26989F9D27BADDF100BF56BB /* HomeTableViewHeader.xib */ = {isa = PBXFileReference; lastKnownFileType = file.xib; path = HomeTableViewHeader.xib; sourceTree = "<group>"; };
		26989FA127BAEAE000BF56BB /* HomeTableViewHeader.swift */ = {isa = PBXFileReference; lastKnownFileType = sourcecode.swift; path = HomeTableViewHeader.swift; sourceTree = "<group>"; };
		26AFA1F127BAB3FA00CFEEEE /* SansViagens.app */ = {isa = PBXFileReference; explicitFileType = wrapper.application; includeInIndex = 0; path = SansViagens.app; sourceTree = BUILT_PRODUCTS_DIR; };
		26AFA1F427BAB3FA00CFEEEE /* AppDelegate.swift */ = {isa = PBXFileReference; lastKnownFileType = sourcecode.swift; path = AppDelegate.swift; sourceTree = "<group>"; };
		26AFA1F627BAB3FA00CFEEEE /* SceneDelegate.swift */ = {isa = PBXFileReference; lastKnownFileType = sourcecode.swift; path = SceneDelegate.swift; sourceTree = "<group>"; };
		26AFA1F827BAB3FA00CFEEEE /* ViewController.swift */ = {isa = PBXFileReference; lastKnownFileType = sourcecode.swift; path = ViewController.swift; sourceTree = "<group>"; };
		26AFA1FB27BAB3FA00CFEEEE /* Base */ = {isa = PBXFileReference; lastKnownFileType = file.storyboard; name = Base; path = Base.lproj/Main.storyboard; sourceTree = "<group>"; };
		26AFA1FD27BAB3FB00CFEEEE /* Assets.xcassets */ = {isa = PBXFileReference; lastKnownFileType = folder.assetcatalog; path = Assets.xcassets; sourceTree = "<group>"; };
		26AFA20027BAB3FB00CFEEEE /* Base */ = {isa = PBXFileReference; lastKnownFileType = file.storyboard; name = Base; path = Base.lproj/LaunchScreen.storyboard; sourceTree = "<group>"; };
		26AFA20227BAB3FB00CFEEEE /* Info.plist */ = {isa = PBXFileReference; lastKnownFileType = text.plist.xml; path = Info.plist; sourceTree = "<group>"; };
		26B9572F27BC35EC00D859F4 /* ViagemTableViewCell.swift */ = {isa = PBXFileReference; lastKnownFileType = sourcecode.swift; path = ViagemTableViewCell.swift; sourceTree = "<group>"; };
		26B9573027BC35EC00D859F4 /* ViagemTableViewCell.xib */ = {isa = PBXFileReference; lastKnownFileType = file.xib; path = ViagemTableViewCell.xib; sourceTree = "<group>"; };
		26CEEF6B27BD6CA5000849D9 /* server-response.json */ = {isa = PBXFileReference; fileEncoding = 4; lastKnownFileType = text.json; path = "server-response.json"; sourceTree = "<group>"; };
		26CEEF6F27BD82C6000849D9 /* DecodableData.swift */ = {isa = PBXFileReference; fileEncoding = 4; lastKnownFileType = sourcecode.swift; path = DecodableData.swift; sourceTree = "<group>"; };
		26CEEF7327BD8304000849D9 /* TiposDeViagens.swift */ = {isa = PBXFileReference; fileEncoding = 4; lastKnownFileType = sourcecode.swift; path = TiposDeViagens.swift; sourceTree = "<group>"; };
		26CEEF7727BD8346000849D9 /* Viagem.swift */ = {isa = PBXFileReference; fileEncoding = 4; lastKnownFileType = sourcecode.swift; path = Viagem.swift; sourceTree = "<group>"; };
		26CEEF7D27BD83D5000849D9 /* UIView+Extension.swift */ = {isa = PBXFileReference; fileEncoding = 4; lastKnownFileType = sourcecode.swift; path = "UIView+Extension.swift"; sourceTree = "<group>"; };
		26CEEF8127BD8D7E000849D9 /* ViagemViewModel.swift */ = {isa = PBXFileReference; lastKnownFileType = sourcecode.swift; path = ViagemViewModel.swift; sourceTree = "<group>"; };
		26CEEF8727BD9375000849D9 /* ViagemDestaqueViewModel.swift */ = {isa = PBXFileReference; lastKnownFileType = sourcecode.swift; path = ViagemDestaqueViewModel.swift; sourceTree = "<group>"; };
/* End PBXFileReference section */

/* Begin PBXFrameworksBuildPhase section */
		26AFA1EE27BAB3FA00CFEEEE /* Frameworks */ = {
			isa = PBXFrameworksBuildPhase;
			buildActionMask = 2147483647;
			files = (
			);
			runOnlyForDeploymentPostprocessing = 0;
		};
/* End PBXFrameworksBuildPhase section */

/* Begin PBXGroup section */
		26AFA1E827BAB3FA00CFEEEE = {
			isa = PBXGroup;
			children = (
				26AFA1F327BAB3FA00CFEEEE /* SansViagens */,
				26AFA1F227BAB3FA00CFEEEE /* Products */,
			);
			sourceTree = "<group>";
		};
		26AFA1F227BAB3FA00CFEEEE /* Products */ = {
			isa = PBXGroup;
			children = (
				26AFA1F127BAB3FA00CFEEEE /* SansViagens.app */,
			);
			name = Products;
			sourceTree = "<group>";
		};
		26AFA1F327BAB3FA00CFEEEE /* SansViagens */ = {
			isa = PBXGroup;
			children = (
				26B9C3C427BC16A5007378F4 /* AppDelegate */,
				26B9C3C627BC16FF007378F4 /* Model */,
				26B9C3C827BC1748007378F4 /* View */,
				26B9C3CC27BC17EC007378F4 /* ViewModel */,
				26CEEF7C27BD838E000849D9 /* Extensions */,
				26AFA1FD27BAB3FB00CFEEEE /* Assets.xcassets */,
				26CEEF6927BD6BF6000849D9 /* Mock */,
				26AFA1FF27BAB3FB00CFEEEE /* LaunchScreen.storyboard */,
				26AFA20227BAB3FB00CFEEEE /* Info.plist */,
			);
			path = SansViagens;
			sourceTree = "<group>";
		};
		26B9572E27BC352A00D859F4 /* Cells */ = {
			isa = PBXGroup;
			children = (
				26B9572F27BC35EC00D859F4 /* ViagemTableViewCell.swift */,
				26B9573027BC35EC00D859F4 /* ViagemTableViewCell.xib */,
			);
			path = Cells;
			sourceTree = "<group>";
		};
		26B9C3C427BC16A5007378F4 /* AppDelegate */ = {
			isa = PBXGroup;
			children = (
				26AFA1F427BAB3FA00CFEEEE /* AppDelegate.swift */,
				26AFA1F627BAB3FA00CFEEEE /* SceneDelegate.swift */,
			);
			path = AppDelegate;
			sourceTree = "<group>";
		};
		26B9C3C627BC16FF007378F4 /* Model */ = {
			isa = PBXGroup;
			children = (
				26CEEF7727BD8346000849D9 /* Viagem.swift */,
				26CEEF6F27BD82C6000849D9 /* DecodableData.swift */,
				26CEEF7327BD8304000849D9 /* TiposDeViagens.swift */,
			);
			path = Model;
			sourceTree = "<group>";
		};
		26B9C3C827BC1748007378F4 /* View */ = {
			isa = PBXGroup;
			children = (
				26AFA1F827BAB3FA00CFEEEE /* ViewController.swift */,
				26AFA1FA27BAB3FA00CFEEEE /* Main.storyboard */,
				26B9C3CA27BC179C007378F4 /* Header */,
				26B9572E27BC352A00D859F4 /* Cells */,
			);
			path = View;
			sourceTree = "<group>";
		};
		26B9C3CA27BC179C007378F4 /* Header */ = {
			isa = PBXGroup;
			children = (
				26989F9D27BADDF100BF56BB /* HomeTableViewHeader.xib */,
				26989FA127BAEAE000BF56BB /* HomeTableViewHeader.swift */,
			);
			path = Header;
			sourceTree = "<group>";
		};
		26B9C3CC27BC17EC007378F4 /* ViewModel */ = {
			isa = PBXGroup;
			children = (
				26CEEF8127BD8D7E000849D9 /* ViagemViewModel.swift */,
				26CEEF8727BD9375000849D9 /* ViagemDestaqueViewModel.swift */,
			);
			path = ViewModel;
			sourceTree = "<group>";
		};
		26CEEF6927BD6BF6000849D9 /* Mock */ = {
			isa = PBXGroup;
			children = (
				26CEEF6B27BD6CA5000849D9 /* server-response.json */,
			);
			path = Mock;
			sourceTree = "<group>";
		};
		26CEEF7C27BD838E000849D9 /* Extensions */ = {
			isa = PBXGroup;
			children = (
				26CEEF7D27BD83D5000849D9 /* UIView+Extension.swift */,
			);
			path = Extensions;
			sourceTree = "<group>";
		};
/* End PBXGroup section */

/* Begin PBXNativeTarget section */
		26AFA1F027BAB3FA00CFEEEE /* SansViagens */ = {
			isa = PBXNativeTarget;
			buildConfigurationList = 26AFA20527BAB3FB00CFEEEE /* Build configuration list for PBXNativeTarget "SansViagens" */;
			buildPhases = (
				26AFA1ED27BAB3FA00CFEEEE /* Sources */,
				26AFA1EE27BAB3FA00CFEEEE /* Frameworks */,
				26AFA1EF27BAB3FA00CFEEEE /* Resources */,
			);
			buildRules = (
			);
			dependencies = (
			);
			name = SansViagens;
			productName = SansViagens;
			productReference = 26AFA1F127BAB3FA00CFEEEE /* SansViagens.app */;
			productType = "com.apple.product-type.application";
		};
/* End PBXNativeTarget section */

/* Begin PBXProject section */
		26AFA1E927BAB3FA00CFEEEE /* Project object */ = {
			isa = PBXProject;
			attributes = {
				BuildIndependentTargetsInParallel = 1;
				LastSwiftUpdateCheck = 1310;
				LastUpgradeCheck = 1310;
				TargetAttributes = {
					26AFA1F027BAB3FA00CFEEEE = {
						CreatedOnToolsVersion = 13.1;
					};
				};
			};
			buildConfigurationList = 26AFA1EC27BAB3FA00CFEEEE /* Build configuration list for PBXProject "SansViagens" */;
			compatibilityVersion = "Xcode 13.0";
			developmentRegion = en;
			hasScannedForEncodings = 0;
			knownRegions = (
				en,
				Base,
			);
			mainGroup = 26AFA1E827BAB3FA00CFEEEE;
			productRefGroup = 26AFA1F227BAB3FA00CFEEEE /* Products */;
			projectDirPath = "";
			projectRoot = "";
			targets = (
				26AFA1F027BAB3FA00CFEEEE /* SansViagens */,
			);
		};
/* End PBXProject section */

/* Begin PBXResourcesBuildPhase section */
		26AFA1EF27BAB3FA00CFEEEE /* Resources */ = {
			isa = PBXResourcesBuildPhase;
			buildActionMask = 2147483647;
			files = (
				26AFA20127BAB3FB00CFEEEE /* LaunchScreen.storyboard in Resources */,
				26CEEF6C27BD6CA5000849D9 /* server-response.json in Resources */,
				26989F9E27BADDF100BF56BB /* HomeTableViewHeader.xib in Resources */,
				26AFA1FE27BAB3FB00CFEEEE /* Assets.xcassets in Resources */,
				26AFA1FC27BAB3FA00CFEEEE /* Main.storyboard in Resources */,
				26B9573227BC35EC00D859F4 /* ViagemTableViewCell.xib in Resources */,
			);
			runOnlyForDeploymentPostprocessing = 0;
		};
/* End PBXResourcesBuildPhase section */

/* Begin PBXSourcesBuildPhase section */
		26AFA1ED27BAB3FA00CFEEEE /* Sources */ = {
			isa = PBXSourcesBuildPhase;
			buildActionMask = 2147483647;
			files = (
				26CEEF7827BD8346000849D9 /* Viagem.swift in Sources */,
				26AFA1F927BAB3FA00CFEEEE /* ViewController.swift in Sources */,
				26B9573127BC35EC00D859F4 /* ViagemTableViewCell.swift in Sources */,
				26CEEF7E27BD83D5000849D9 /* UIView+Extension.swift in Sources */,
				26CEEF7427BD8304000849D9 /* TiposDeViagens.swift in Sources */,
				26989FA227BAEAE000BF56BB /* HomeTableViewHeader.swift in Sources */,
				26CEEF7027BD82C6000849D9 /* DecodableData.swift in Sources */,
				26AFA1F527BAB3FA00CFEEEE /* AppDelegate.swift in Sources */,
				26AFA1F727BAB3FA00CFEEEE /* SceneDelegate.swift in Sources */,
				26CEEF8227BD8D7E000849D9 /* ViagemViewModel.swift in Sources */,
				26CEEF8827BD9375000849D9 /* ViagemDestaqueViewModel.swift in Sources */,
			);
			runOnlyForDeploymentPostprocessing = 0;
		};
/* End PBXSourcesBuildPhase section */

/* Begin PBXVariantGroup section */
		26AFA1FA27BAB3FA00CFEEEE /* Main.storyboard */ = {
			isa = PBXVariantGroup;
			children = (
				26AFA1FB27BAB3FA00CFEEEE /* Base */,
			);
			name = Main.storyboard;
			sourceTree = "<group>";
		};
		26AFA1FF27BAB3FB00CFEEEE /* LaunchScreen.storyboard */ = {
			isa = PBXVariantGroup;
			children = (
				26AFA20027BAB3FB00CFEEEE /* Base */,
			);
			name = LaunchScreen.storyboard;
			sourceTree = "<group>";
		};
/* End PBXVariantGroup section */

/* Begin XCBuildConfiguration section */
		26AFA20327BAB3FB00CFEEEE /* Debug */ = {
			isa = XCBuildConfiguration;
			buildSettings = {
				ALWAYS_SEARCH_USER_PATHS = NO;
				CLANG_ANALYZER_NONNULL = YES;
				CLANG_ANALYZER_NUMBER_OBJECT_CONVERSION = YES_AGGRESSIVE;
				CLANG_CXX_LANGUAGE_STANDARD = "gnu++17";
				CLANG_CXX_LIBRARY = "libc++";
				CLANG_ENABLE_MODULES = YES;
				CLANG_ENABLE_OBJC_ARC = YES;
				CLANG_ENABLE_OBJC_WEAK = YES;
				CLANG_WARN_BLOCK_CAPTURE_AUTORELEASING = YES;
				CLANG_WARN_BOOL_CONVERSION = YES;
				CLANG_WARN_COMMA = YES;
				CLANG_WARN_CONSTANT_CONVERSION = YES;
				CLANG_WARN_DEPRECATED_OBJC_IMPLEMENTATIONS = YES;
				CLANG_WARN_DIRECT_OBJC_ISA_USAGE = YES_ERROR;
				CLANG_WARN_DOCUMENTATION_COMMENTS = YES;
				CLANG_WARN_EMPTY_BODY = YES;
				CLANG_WARN_ENUM_CONVERSION = YES;
				CLANG_WARN_INFINITE_RECURSION = YES;
				CLANG_WARN_INT_CONVERSION = YES;
				CLANG_WARN_NON_LITERAL_NULL_CONVERSION = YES;
				CLANG_WARN_OBJC_IMPLICIT_RETAIN_SELF = YES;
				CLANG_WARN_OBJC_LITERAL_CONVERSION = YES;
				CLANG_WARN_OBJC_ROOT_CLASS = YES_ERROR;
				CLANG_WARN_QUOTED_INCLUDE_IN_FRAMEWORK_HEADER = YES;
				CLANG_WARN_RANGE_LOOP_ANALYSIS = YES;
				CLANG_WARN_STRICT_PROTOTYPES = YES;
				CLANG_WARN_SUSPICIOUS_MOVE = YES;
				CLANG_WARN_UNGUARDED_AVAILABILITY = YES_AGGRESSIVE;
				CLANG_WARN_UNREACHABLE_CODE = YES;
				CLANG_WARN__DUPLICATE_METHOD_MATCH = YES;
				COPY_PHASE_STRIP = NO;
				DEBUG_INFORMATION_FORMAT = dwarf;
				ENABLE_STRICT_OBJC_MSGSEND = YES;
				ENABLE_TESTABILITY = YES;
				GCC_C_LANGUAGE_STANDARD = gnu11;
				GCC_DYNAMIC_NO_PIC = NO;
				GCC_NO_COMMON_BLOCKS = YES;
				GCC_OPTIMIZATION_LEVEL = 0;
				GCC_PREPROCESSOR_DEFINITIONS = (
					"DEBUG=1",
					"$(inherited)",
				);
				GCC_WARN_64_TO_32_BIT_CONVERSION = YES;
				GCC_WARN_ABOUT_RETURN_TYPE = YES_ERROR;
				GCC_WARN_UNDECLARED_SELECTOR = YES;
				GCC_WARN_UNINITIALIZED_AUTOS = YES_AGGRESSIVE;
				GCC_WARN_UNUSED_FUNCTION = YES;
				GCC_WARN_UNUSED_VARIABLE = YES;
				IPHONEOS_DEPLOYMENT_TARGET = 15.0;
				MTL_ENABLE_DEBUG_INFO = INCLUDE_SOURCE;
				MTL_FAST_MATH = YES;
				ONLY_ACTIVE_ARCH = YES;
				SDKROOT = iphoneos;
				SWIFT_ACTIVE_COMPILATION_CONDITIONS = DEBUG;
				SWIFT_OPTIMIZATION_LEVEL = "-Onone";
			};
			name = Debug;
		};
		26AFA20427BAB3FB00CFEEEE /* Release */ = {
			isa = XCBuildConfiguration;
			buildSettings = {
				ALWAYS_SEARCH_USER_PATHS = NO;
				CLANG_ANALYZER_NONNULL = YES;
				CLANG_ANALYZER_NUMBER_OBJECT_CONVERSION = YES_AGGRESSIVE;
				CLANG_CXX_LANGUAGE_STANDARD = "gnu++17";
				CLANG_CXX_LIBRARY = "libc++";
				CLANG_ENABLE_MODULES = YES;
				CLANG_ENABLE_OBJC_ARC = YES;
				CLANG_ENABLE_OBJC_WEAK = YES;
				CLANG_WARN_BLOCK_CAPTURE_AUTORELEASING = YES;
				CLANG_WARN_BOOL_CONVERSION = YES;
				CLANG_WARN_COMMA = YES;
				CLANG_WARN_CONSTANT_CONVERSION = YES;
				CLANG_WARN_DEPRECATED_OBJC_IMPLEMENTATIONS = YES;
				CLANG_WARN_DIRECT_OBJC_ISA_USAGE = YES_ERROR;
				CLANG_WARN_DOCUMENTATION_COMMENTS = YES;
				CLANG_WARN_EMPTY_BODY = YES;
				CLANG_WARN_ENUM_CONVERSION = YES;
				CLANG_WARN_INFINITE_RECURSION = YES;
				CLANG_WARN_INT_CONVERSION = YES;
				CLANG_WARN_NON_LITERAL_NULL_CONVERSION = YES;
				CLANG_WARN_OBJC_IMPLICIT_RETAIN_SELF = YES;
				CLANG_WARN_OBJC_LITERAL_CONVERSION = YES;
				CLANG_WARN_OBJC_ROOT_CLASS = YES_ERROR;
				CLANG_WARN_QUOTED_INCLUDE_IN_FRAMEWORK_HEADER = YES;
				CLANG_WARN_RANGE_LOOP_ANALYSIS = YES;
				CLANG_WARN_STRICT_PROTOTYPES = YES;
				CLANG_WARN_SUSPICIOUS_MOVE = YES;
				CLANG_WARN_UNGUARDED_AVAILABILITY = YES_AGGRESSIVE;
				CLANG_WARN_UNREACHABLE_CODE = YES;
				CLANG_WARN__DUPLICATE_METHOD_MATCH = YES;
				COPY_PHASE_STRIP = NO;
				DEBUG_INFORMATION_FORMAT = "dwarf-with-dsym";
				ENABLE_NS_ASSERTIONS = NO;
				ENABLE_STRICT_OBJC_MSGSEND = YES;
				GCC_C_LANGUAGE_STANDARD = gnu11;
				GCC_NO_COMMON_BLOCKS = YES;
				GCC_WARN_64_TO_32_BIT_CONVERSION = YES;
				GCC_WARN_ABOUT_RETURN_TYPE = YES_ERROR;
				GCC_WARN_UNDECLARED_SELECTOR = YES;
				GCC_WARN_UNINITIALIZED_AUTOS = YES_AGGRESSIVE;
				GCC_WARN_UNUSED_FUNCTION = YES;
				GCC_WARN_UNUSED_VARIABLE = YES;
				IPHONEOS_DEPLOYMENT_TARGET = 15.0;
				MTL_ENABLE_DEBUG_INFO = NO;
				MTL_FAST_MATH = YES;
				SDKROOT = iphoneos;
				SWIFT_COMPILATION_MODE = wholemodule;
				SWIFT_OPTIMIZATION_LEVEL = "-O";
				VALIDATE_PRODUCT = YES;
			};
			name = Release;
		};
		26AFA20627BAB3FB00CFEEEE /* Debug */ = {
			isa = XCBuildConfiguration;
			buildSettings = {
				ASSETCATALOG_COMPILER_APPICON_NAME = AppIcon;
				ASSETCATALOG_COMPILER_GLOBAL_ACCENT_COLOR_NAME = AccentColor;
				CODE_SIGN_STYLE = Automatic;
				CURRENT_PROJECT_VERSION = 1;
				DEVELOPMENT_TEAM = FLRALP9RVU;
				GENERATE_INFOPLIST_FILE = YES;
				INFOPLIST_FILE = SansViagens/Info.plist;
				INFOPLIST_KEY_UIApplicationSupportsIndirectInputEvents = YES;
				INFOPLIST_KEY_UILaunchStoryboardName = LaunchScreen;
				INFOPLIST_KEY_UIMainStoryboardFile = Main;
				INFOPLIST_KEY_UISupportedInterfaceOrientations_iPad = "UIInterfaceOrientationPortrait UIInterfaceOrientationPortraitUpsideDown UIInterfaceOrientationLandscapeLeft UIInterfaceOrientationLandscapeRight";
				INFOPLIST_KEY_UISupportedInterfaceOrientations_iPhone = "UIInterfaceOrientationPortrait UIInterfaceOrientationLandscapeLeft UIInterfaceOrientationLandscapeRight";
				LD_RUNPATH_SEARCH_PATHS = (
					"$(inherited)",
					"@executable_path/Frameworks",
				);
				MARKETING_VERSION = 1.0;
				PRODUCT_BUNDLE_IDENTIFIER = br.com.sandremartins.SansViagens;
				PRODUCT_NAME = "$(TARGET_NAME)";
				SWIFT_EMIT_LOC_STRINGS = YES;
				SWIFT_VERSION = 5.0;
				TARGETED_DEVICE_FAMILY = "1,2";
			};
			name = Debug;
		};
		26AFA20727BAB3FB00CFEEEE /* Release */ = {
			isa = XCBuildConfiguration;
			buildSettings = {
				ASSETCATALOG_COMPILER_APPICON_NAME = AppIcon;
				ASSETCATALOG_COMPILER_GLOBAL_ACCENT_COLOR_NAME = AccentColor;
				CODE_SIGN_STYLE = Automatic;
				CURRENT_PROJECT_VERSION = 1;
				DEVELOPMENT_TEAM = FLRALP9RVU;
				GENERATE_INFOPLIST_FILE = YES;
				INFOPLIST_FILE = SansViagens/Info.plist;
				INFOPLIST_KEY_UIApplicationSupportsIndirectInputEvents = YES;
				INFOPLIST_KEY_UILaunchStoryboardName = LaunchScreen;
				INFOPLIST_KEY_UIMainStoryboardFile = Main;
				INFOPLIST_KEY_UISupportedInterfaceOrientations_iPad = "UIInterfaceOrientationPortrait UIInterfaceOrientationPortraitUpsideDown UIInterfaceOrientationLandscapeLeft UIInterfaceOrientationLandscapeRight";
				INFOPLIST_KEY_UISupportedInterfaceOrientations_iPhone = "UIInterfaceOrientationPortrait UIInterfaceOrientationLandscapeLeft UIInterfaceOrientationLandscapeRight";
				LD_RUNPATH_SEARCH_PATHS = (
					"$(inherited)",
					"@executable_path/Frameworks",
				);
				MARKETING_VERSION = 1.0;
				PRODUCT_BUNDLE_IDENTIFIER = br.com.sandremartins.SansViagens;
				PRODUCT_NAME = "$(TARGET_NAME)";
				SWIFT_EMIT_LOC_STRINGS = YES;
				SWIFT_VERSION = 5.0;
				TARGETED_DEVICE_FAMILY = "1,2";
			};
			name = Release;
		};
/* End XCBuildConfiguration section */

/* Begin XCConfigurationList section */
		26AFA1EC27BAB3FA00CFEEEE /* Build configuration list for PBXProject "SansViagens" */ = {
			isa = XCConfigurationList;
			buildConfigurations = (
				26AFA20327BAB3FB00CFEEEE /* Debug */,
				26AFA20427BAB3FB00CFEEEE /* Release */,
			);
			defaultConfigurationIsVisible = 0;
			defaultConfigurationName = Release;
		};
		26AFA20527BAB3FB00CFEEEE /* Build configuration list for PBXNativeTarget "SansViagens" */ = {
			isa = XCConfigurationList;
			buildConfigurations = (
				26AFA20627BAB3FB00CFEEEE /* Debug */,
				26AFA20727BAB3FB00CFEEEE /* Release */,
			);
			defaultConfigurationIsVisible = 0;
			defaultConfigurationName = Release;
		};
/* End XCConfigurationList section */
	};
	rootObject = 26AFA1E927BAB3FA00CFEEEE /* Project object */;
}
